{
    "name": "lfa-openapi-tool",
    "lockfileVersion": 3,
    "requires": true,
    "packages": {
        "": {
            "name": "lfa-openapi-tool",
            "dependencies": {
                "@lseg/fx.forward.api": "^2.0.6906",
                "@lseg/fx.forward.curve.api": "^2.0.6861",
                "@lseg/fx.spot.api": "^2.0.6906",
                "@lseg/interest.rate.derivative.api": "^1.0.6906",
                "js-yaml": "^4.1.0"
            }
        },
        "node_modules/@lseg/fx.forward.api": {
            "version": "2.0.6906",
            "resolved": "https://bams-aws.refinitiv.com/artifactory/api/npm/default.npm.global/lseg/fx.forward.api-2.0.6906.tgz",
            "integrity": "sha1-yXa0vCcqStv0OEkWSEjF7GMvTMQ="
        },
        "node_modules/@lseg/fx.forward.curve.api": {
            "version": "2.0.6861",
            "resolved": "https://bams-aws.refinitiv.com/artifactory/api/npm/default.npm.global/lseg/fx.forward.curve.api-2.0.6861.tgz",
            "integrity": "sha1-FlfWO3GWVzKdEMwFrN4WYlX/J0c="
        },
        "node_modules/@lseg/fx.spot.api": {
            "version": "2.0.6906",
            "resolved": "https://bams-aws.refinitiv.com/artifactory/api/npm/default.npm.global/lseg/fx.spot.api-2.0.6906.tgz",
            "integrity": "sha1-J5A99SGP6ULxfelB5yH1Ycf4bDQ="
        },
        "node_modules/@lseg/interest.rate.derivative.api": {
            "version": "1.0.6906",
            "resolved": "https://bams-aws.refinitiv.com/artifactory/api/npm/default.npm.global/lseg/interest.rate.derivative.api-1.0.6906.tgz",
            "integrity": "sha1-CXYWEO2Kc2x5TV3QqqKRKHUKJ20="
        },
        "node_modules/argparse": {
            "version": "2.0.1",
            "license": "Python-2.0"
        },
        "node_modules/js-yaml": {
            "version": "4.1.0",
            "license": "MIT",
            "dependencies": {
                "argparse": "^2.0.1"
            },
            "bin": {
                "js-yaml": "bin/js-yaml.js"
            }
        }
    }
}
